
Microsoft Visual Studio Solution File, Format Version 12.00
# Visual Studio Version 17
VisualStudioVersion = 17.1.32414.318
MinimumVisualStudioVersion = 10.0.40219.1
Project("{FAE04EC0-301F-11D3-BF4B-00C04F79EFBC}") = "HW_7", "HW_7.csproj", "{B6196EA4-2A20-43B7-8661-4F49EA581E69}"
EndProject
Global
	GlobalSection(SolutionConfigurationPlatforms) = preSolution
		Debug|Any CPU = Debug|Any CPU
		Release|Any CPU = Release|Any CPU
	EndGlobalSection
	GlobalSection(ProjectConfigurationPlatforms) = postSolution
		{B6196EA4-2A20-43B7-8661-4F49EA581E69}.Debug|Any CPU.ActiveCfg = Debug|Any CPU
		{B6196EA4-2A20-43B7-8661-4F49EA581E69}.Debug|Any CPU.Build.0 = Debug|Any CPU
		{B6196EA4-2A20-43B7-8661-4F49EA581E69}.Release|Any CPU.ActiveCfg = Release|Any CPU
		{B6196EA4-2A20-43B7-8661-4F49EA581E69}.Release|Any CPU.Build.0 = Release|Any CPU
	EndGlobalSection
	GlobalSection(SolutionProperties) = preSolution
		HideSolutionNode = FALSE
	EndGlobalSection
	GlobalSection(ExtensibilityGlobals) = postSolution
		SolutionGuid = {A86B2F20-1DF7-4D56-BE96-4159616579A2}
	EndGlobalSection
EndGlobal
